
Microsoft Visual Studio Solution File, Format Version 12.00
# Visual Studio Version 17
VisualStudioVersion = 17.13.35931.197 d17.13
MinimumVisualStudioVersion = 10.0.40219.1
Project("{FAE04EC0-301F-11D3-BF4B-00C04F79EFBC}") = "SistemaFuncionarios", "SistemaFuncionarios\SistemaFuncionarios.csproj", "{AC2CDD4A-8A3C-4B57-AEFF-21C8D22A98F5}"
EndProject
Global
	GlobalSection(SolutionConfigurationPlatforms) = preSolution
		Debug|Any CPU = Debug|Any CPU
		Release|Any CPU = Release|Any CPU
	EndGlobalSection
	GlobalSection(ProjectConfigurationPlatforms) = postSolution
		{AC2CDD4A-8A3C-4B57-AEFF-21C8D22A98F5}.Debug|Any CPU.ActiveCfg = Debug|Any CPU
		{AC2CDD4A-8A3C-4B57-AEFF-21C8D22A98F5}.Debug|Any CPU.Build.0 = Debug|Any CPU
		{AC2CDD4A-8A3C-4B57-AEFF-21C8D22A98F5}.Release|Any CPU.ActiveCfg = Release|Any CPU
		{AC2CDD4A-8A3C-4B57-AEFF-21C8D22A98F5}.Release|Any CPU.Build.0 = Release|Any CPU
	EndGlobalSection
	GlobalSection(SolutionProperties) = preSolution
		HideSolutionNode = FALSE
	EndGlobalSection
	GlobalSection(ExtensibilityGlobals) = postSolution
		SolutionGuid = {9B534FFE-3CA3-4AD1-8422-8A3C4059CF4F}
	EndGlobalSection
EndGlobal
